{
  "version": 4,
  "terraform_version": "1.9.8",
  "serial": 8,
  "lineage": "3a887c3c-ba68-1256-0930-f4d3e4702ea7",
  "outputs": {},
  "resources": [
    {
      "mode": "managed",
      "type": "aws_vpc",
      "name": "main",
      "provider": "provider[\"registry.terraform.io/hashicorp/aws\"]",
      "instances": [
        {
          "schema_version": 1,
          "attributes": {
            "arn": "arn:aws:ec2:us-west-2:200602878693:vpc/vpc-0440da38b5ae4d607",
            "assign_generated_ipv6_cidr_block": false,
            "cidr_block": "10.0.0.0/16",
            "default_network_acl_id": "acl-088a86dd9d4ed0897",
            "default_route_table_id": "rtb-092a169a1b5f5cdce",
            "default_security_group_id": "sg-0d6f8af54d4a4684c",
            "dhcp_options_id": "dopt-0abdafad9ae26b4d6",
            "enable_dns_hostnames": false,
            "enable_dns_support": true,
            "enable_network_address_usage_metrics": false,
            "id": "vpc-0440da38b5ae4d607",
            "instance_tenancy": "default",
            "ipv4_ipam_pool_id": null,
            "ipv4_netmask_length": null,
            "ipv6_association_id": "",
            "ipv6_cidr_block": "",
            "ipv6_cidr_block_network_border_group": "",
            "ipv6_ipam_pool_id": "",
            "ipv6_netmask_length": 0,
            "main_route_table_id": "rtb-092a169a1b5f5cdce",
            "owner_id": "200602878693",
            "tags": {},
            "tags_all": {}
          },
          "sensitive_attributes": [],
          "private": "eyJzY2hlbWFfdmVyc2lvbiI6IjEifQ=="
        }
      ]
    }
  ],
  "check_results": null
}
